# This file is automatically @generated by Cargo.
# It is not intended for manual editing.
version = 3

[[package]]
name = "rune-bench"
version = "0.1.0"
dependencies = [
 "rune-core",
]

[[package]]
name = "rune-core"
version = "0.1.0"

[[package]]
name = "rune-native"
version = "0.1.0"
dependencies = [
 "rune-core",
]
